
Microsoft Visual Studio Solution File, Format Version 12.00
# Visual Studio Version 17
VisualStudioVersion = 17.14.37012.4 d17.14
MinimumVisualStudioVersion = 10.0.40219.1
Project("{E24C65DC-7377-472B-9ABA-BC803B73C61A}") = "SatiDotNet2(3)", ".", "{BBA3DB41-E6CA-4D8E-A846-4D43A048680D}"
	ProjectSection(WebsiteProperties) = preProject
		TargetFrameworkMoniker = ".NETFramework,Version%3Dv4.7.2"
		ProjectReferences = "{f767bd10-e26d-4178-a5d6-5e4cfa01baa7}|SatiDotNet2.Library.dll;"
		Debug.AspNetCompiler.VirtualPath = "/SatiDotNet2"
		Debug.AspNetCompiler.PhysicalPath = "..\SatiDotNet2\"
		Debug.AspNetCompiler.TargetPath = "PrecompiledWeb\SatiDotNet2\"
		Debug.AspNetCompiler.Updateable = "true"
		Debug.AspNetCompiler.ForceOverwrite = "true"
		Debug.AspNetCompiler.FixedNames = "false"
		Debug.AspNetCompiler.Debug = "True"
		Release.AspNetCompiler.VirtualPath = "/SatiDotNet2"
		Release.AspNetCompiler.PhysicalPath = "..\SatiDotNet2\"
		Release.AspNetCompiler.TargetPath = "PrecompiledWeb\SatiDotNet2\"
		Release.AspNetCompiler.Updateable = "true"
		Release.AspNetCompiler.ForceOverwrite = "true"
		Release.AspNetCompiler.FixedNames = "false"
		Release.AspNetCompiler.Debug = "False"
		VWDPort = "10291"
		SlnRelativePath = "..\SatiDotNet2\"
		StartServerOnDebug = "true"
	EndProjectSection
EndProject
Project("{F184B08F-C81C-45F6-A57F-5ABD9991F28F}") = "SatiDotNet2Tests", "..\SatiDotNet2Tests\SatiDotNet2Tests.vbproj", "{06886DF9-B134-4AF5-BA9F-11306DD5A468}"
EndProject
Project("{F184B08F-C81C-45F6-A57F-5ABD9991F28F}") = "SatiDotNet2.Library", "..\SatiDotNet2.Library\SatiDotNet2.Library.vbproj", "{F767BD10-E26D-4178-A5D6-5E4CFA01BAA7}"
EndProject
Global
	GlobalSection(SolutionConfigurationPlatforms) = preSolution
		Debug|Any CPU = Debug|Any CPU
		Release|Any CPU = Release|Any CPU
	EndGlobalSection
	GlobalSection(ProjectConfigurationPlatforms) = postSolution
		{BBA3DB41-E6CA-4D8E-A846-4D43A048680D}.Debug|Any CPU.ActiveCfg = Debug|Any CPU
		{BBA3DB41-E6CA-4D8E-A846-4D43A048680D}.Debug|Any CPU.Build.0 = Debug|Any CPU
		{BBA3DB41-E6CA-4D8E-A846-4D43A048680D}.Release|Any CPU.ActiveCfg = Debug|Any CPU
		{BBA3DB41-E6CA-4D8E-A846-4D43A048680D}.Release|Any CPU.Build.0 = Debug|Any CPU
		{06886DF9-B134-4AF5-BA9F-11306DD5A468}.Debug|Any CPU.ActiveCfg = Debug|Any CPU
		{06886DF9-B134-4AF5-BA9F-11306DD5A468}.Debug|Any CPU.Build.0 = Debug|Any CPU
		{06886DF9-B134-4AF5-BA9F-11306DD5A468}.Release|Any CPU.ActiveCfg = Release|Any CPU
		{06886DF9-B134-4AF5-BA9F-11306DD5A468}.Release|Any CPU.Build.0 = Release|Any CPU
		{F767BD10-E26D-4178-A5D6-5E4CFA01BAA7}.Debug|Any CPU.ActiveCfg = Debug|Any CPU
		{F767BD10-E26D-4178-A5D6-5E4CFA01BAA7}.Debug|Any CPU.Build.0 = Debug|Any CPU
		{F767BD10-E26D-4178-A5D6-5E4CFA01BAA7}.Release|Any CPU.ActiveCfg = Release|Any CPU
		{F767BD10-E26D-4178-A5D6-5E4CFA01BAA7}.Release|Any CPU.Build.0 = Release|Any CPU
	EndGlobalSection
	GlobalSection(SolutionProperties) = preSolution
		HideSolutionNode = FALSE
	EndGlobalSection
	GlobalSection(ExtensibilityGlobals) = postSolution
		SolutionGuid = {709948B8-023C-4679-9CDE-4B538DCAC96A}
	EndGlobalSection
EndGlobal
